# @generated by Move, please check-in and do not edit manually.

[move]
version = 3
manifest_digest = "BFADEB60680039C752FF82C4E019D00B7BA6E9AFE04BBFEBB35F6CDDEDB16578"
deps_digest = "F8BBB0CCB2491CA29A3DF03D6F92277A4F3574266507ACD77214D37ECA3F3082"
dependencies = [
  { id = "Sui", name = "Sui" },
]

[[move.package]]
id = "MoveStdlib"
source = { git = "https://github.com/MystenLabs/sui.git", rev = "framework/testnet", subdir = "crates/sui-framework/packages/move-stdlib" }

[[move.package]]
id = "Sui"
source = { git = "https://github.com/MystenLabs/sui.git", rev = "framework/testnet", subdir = "crates/sui-framework/packages/sui-framework" }

dependencies = [
  { id = "MoveStdlib", name = "MoveStdlib" },
]

[move.toolchain-version]
compiler-version = "1.48.1"
edition = "2024.beta"
flavor = "sui"

[env]

[env.testnet]
chain-id = "4c78adac"
original-published-id = "0x8f0f01794397fc20d328e70b42a40e7932f358f4cc864d31e6244f09d4ced7c8"
latest-published-id = "0x8f0f01794397fc20d328e70b42a40e7932f358f4cc864d31e6244f09d4ced7c8"
published-version = "1"
